dependencies:
- name: grafana
  repository: https://charts.helm.sh/stable/
  version: 5.1.2
- name: cp-helm-charts
  repository: file://../../../Master-2-SoSe-2020/project/cp-helm-charts/
  version: 0.4.0
- name: kafka-lag-exporter
  repository: file://../kafka-lag-exporter
  version: 0.6.0
- name: kube-prometheus-stack
  repository: https://prometheus-community.github.io/helm-charts
  version: 12.0.0
digest: sha256:7d2e1c8d6d03245cf67f5b6df73d401b7a17316a33991f311536a32cf8650139
generated: "2020-11-18T16:29:27.868843573+01:00"
